
Microsoft Visual Studio Solution File, Format Version 12.00
# Visual Studio Version 17
VisualStudioVersion = 17.5.33516.290
MinimumVisualStudioVersion = 10.0.40219.1
Project("{9A19103F-16F7-4668-BE54-9A1E7A4F7556}") = "JobScheduling.Api", "JobScheduling.Api\JobScheduling.Api.csproj", "{B1BF0670-9C7C-4112-864C-C6A39D2D598C}"
EndProject
Project("{9A19103F-16F7-4668-BE54-9A1E7A4F7556}") = "JobScheduling.Infra.Schedulings", "JobScheduling.Infra.Schedulings\JobScheduling.Infra.Schedulings.csproj", "{8468334D-1EA6-4D40-9BBC-1A1B4722AC30}"
EndProject
Project("{9A19103F-16F7-4668-BE54-9A1E7A4F7556}") = "JobScheduling.ExternalServices", "JobScheduling.ExternalServices\JobScheduling.ExternalServices.csproj", "{3EB2A595-B3DF-4C44-A099-3BC63D40E790}"
EndProject
Project("{2150E333-8FDC-42A3-9474-1A3956D46DE8}") = "01 - Interface", "01 - Interface", "{8D4AE53A-3617-4CF8-B858-B39239C8693E}"
EndProject
Project("{2150E333-8FDC-42A3-9474-1A3956D46DE8}") = "03 - Infra", "03 - Infra", "{10BD06E0-3F7A-4CFE-9F9A-ACF3763FC0A8}"
EndProject
Project("{2150E333-8FDC-42A3-9474-1A3956D46DE8}") = "04 - ExternalServices", "04 - ExternalServices", "{006F0B0E-49AD-4DF9-AEBE-48DA3C90EC39}"
EndProject
Project("{2150E333-8FDC-42A3-9474-1A3956D46DE8}") = "02 - Domain", "02 - Domain", "{4C65CBCA-74A4-4422-BE0D-EAE8590745E9}"
EndProject
Project("{9A19103F-16F7-4668-BE54-9A1E7A4F7556}") = "JobScheduling.Domain", "JobScheduling.Domain\JobScheduling.Domain.csproj", "{F6558127-17CB-4065-8E76-E26359A9B9A3}"
EndProject
Project("{9A19103F-16F7-4668-BE54-9A1E7A4F7556}") = "JobScheduling.Infra.Data", "JobScheduling.Infra.Data\JobScheduling.Infra.Data.csproj", "{55CA6B53-7447-4366-8489-027F1AEFAB54}"
EndProject
Project("{2150E333-8FDC-42A3-9474-1A3956D46DE8}") = "00 - Messages", "00 - Messages", "{5BB310B1-2B1F-468D-882B-48E21197464D}"
EndProject
Project("{9A19103F-16F7-4668-BE54-9A1E7A4F7556}") = "JobScheduling.Messages", "JobScheduling.Messages\JobScheduling.Messages.csproj", "{565660BA-4A44-4C35-9378-E5B8C451FE32}"
EndProject
Project("{2150E333-8FDC-42A3-9474-1A3956D46DE8}") = "src", "src", "{C18C7FEB-59CA-43F2-81C2-D753CF2DFC63}"
EndProject
Project("{9A19103F-16F7-4668-BE54-9A1E7A4F7556}") = "HubPagamento.Extrato.UnitTests", "..\tests\HubPagamento.Extrato.UnitTests\HubPagamento.Extrato.UnitTests.csproj", "{E0039C56-F2F4-4378-BDDB-5C39C92188F4}"
EndProject
Project("{2150E333-8FDC-42A3-9474-1A3956D46DE8}") = "tests", "tests", "{2C1CBC6F-78C3-4AC8-90D7-68FB69CA1AF7}"
EndProject
Global
	GlobalSection(SolutionConfigurationPlatforms) = preSolution
		Debug|Any CPU = Debug|Any CPU
		Release|Any CPU = Release|Any CPU
	EndGlobalSection
	GlobalSection(ProjectConfigurationPlatforms) = postSolution
		{B1BF0670-9C7C-4112-864C-C6A39D2D598C}.Debug|Any CPU.ActiveCfg = Debug|Any CPU
		{B1BF0670-9C7C-4112-864C-C6A39D2D598C}.Debug|Any CPU.Build.0 = Debug|Any CPU
		{B1BF0670-9C7C-4112-864C-C6A39D2D598C}.Release|Any CPU.ActiveCfg = Release|Any CPU
		{B1BF0670-9C7C-4112-864C-C6A39D2D598C}.Release|Any CPU.Build.0 = Release|Any CPU
		{8468334D-1EA6-4D40-9BBC-1A1B4722AC30}.Debug|Any CPU.ActiveCfg = Debug|Any CPU
		{8468334D-1EA6-4D40-9BBC-1A1B4722AC30}.Debug|Any CPU.Build.0 = Debug|Any CPU
		{8468334D-1EA6-4D40-9BBC-1A1B4722AC30}.Release|Any CPU.ActiveCfg = Release|Any CPU
		{8468334D-1EA6-4D40-9BBC-1A1B4722AC30}.Release|Any CPU.Build.0 = Release|Any CPU
		{3EB2A595-B3DF-4C44-A099-3BC63D40E790}.Debug|Any CPU.ActiveCfg = Debug|Any CPU
		{3EB2A595-B3DF-4C44-A099-3BC63D40E790}.Debug|Any CPU.Build.0 = Debug|Any CPU
		{3EB2A595-B3DF-4C44-A099-3BC63D40E790}.Release|Any CPU.ActiveCfg = Release|Any CPU
		{3EB2A595-B3DF-4C44-A099-3BC63D40E790}.Release|Any CPU.Build.0 = Release|Any CPU
		{F6558127-17CB-4065-8E76-E26359A9B9A3}.Debug|Any CPU.ActiveCfg = Debug|Any CPU
		{F6558127-17CB-4065-8E76-E26359A9B9A3}.Debug|Any CPU.Build.0 = Debug|Any CPU
		{F6558127-17CB-4065-8E76-E26359A9B9A3}.Release|Any CPU.ActiveCfg = Release|Any CPU
		{F6558127-17CB-4065-8E76-E26359A9B9A3}.Release|Any CPU.Build.0 = Release|Any CPU
		{55CA6B53-7447-4366-8489-027F1AEFAB54}.Debug|Any CPU.ActiveCfg = Debug|Any CPU
		{55CA6B53-7447-4366-8489-027F1AEFAB54}.Debug|Any CPU.Build.0 = Debug|Any CPU
		{55CA6B53-7447-4366-8489-027F1AEFAB54}.Release|Any CPU.ActiveCfg = Release|Any CPU
		{55CA6B53-7447-4366-8489-027F1AEFAB54}.Release|Any CPU.Build.0 = Release|Any CPU
		{565660BA-4A44-4C35-9378-E5B8C451FE32}.Debug|Any CPU.ActiveCfg = Debug|Any CPU
		{565660BA-4A44-4C35-9378-E5B8C451FE32}.Debug|Any CPU.Build.0 = Debug|Any CPU
		{565660BA-4A44-4C35-9378-E5B8C451FE32}.Release|Any CPU.ActiveCfg = Release|Any CPU
		{565660BA-4A44-4C35-9378-E5B8C451FE32}.Release|Any CPU.Build.0 = Release|Any CPU
		{E0039C56-F2F4-4378-BDDB-5C39C92188F4}.Debug|Any CPU.ActiveCfg = Debug|Any CPU
		{E0039C56-F2F4-4378-BDDB-5C39C92188F4}.Debug|Any CPU.Build.0 = Debug|Any CPU
		{E0039C56-F2F4-4378-BDDB-5C39C92188F4}.Release|Any CPU.ActiveCfg = Release|Any CPU
		{E0039C56-F2F4-4378-BDDB-5C39C92188F4}.Release|Any CPU.Build.0 = Release|Any CPU
	EndGlobalSection
	GlobalSection(SolutionProperties) = preSolution
		HideSolutionNode = FALSE
	EndGlobalSection
	GlobalSection(NestedProjects) = preSolution
		{B1BF0670-9C7C-4112-864C-C6A39D2D598C} = {8D4AE53A-3617-4CF8-B858-B39239C8693E}
		{8468334D-1EA6-4D40-9BBC-1A1B4722AC30} = {10BD06E0-3F7A-4CFE-9F9A-ACF3763FC0A8}
		{3EB2A595-B3DF-4C44-A099-3BC63D40E790} = {006F0B0E-49AD-4DF9-AEBE-48DA3C90EC39}
		{8D4AE53A-3617-4CF8-B858-B39239C8693E} = {C18C7FEB-59CA-43F2-81C2-D753CF2DFC63}
		{10BD06E0-3F7A-4CFE-9F9A-ACF3763FC0A8} = {C18C7FEB-59CA-43F2-81C2-D753CF2DFC63}
		{006F0B0E-49AD-4DF9-AEBE-48DA3C90EC39} = {C18C7FEB-59CA-43F2-81C2-D753CF2DFC63}
		{4C65CBCA-74A4-4422-BE0D-EAE8590745E9} = {C18C7FEB-59CA-43F2-81C2-D753CF2DFC63}
		{F6558127-17CB-4065-8E76-E26359A9B9A3} = {4C65CBCA-74A4-4422-BE0D-EAE8590745E9}
		{55CA6B53-7447-4366-8489-027F1AEFAB54} = {10BD06E0-3F7A-4CFE-9F9A-ACF3763FC0A8}
		{5BB310B1-2B1F-468D-882B-48E21197464D} = {C18C7FEB-59CA-43F2-81C2-D753CF2DFC63}
		{565660BA-4A44-4C35-9378-E5B8C451FE32} = {5BB310B1-2B1F-468D-882B-48E21197464D}
		{E0039C56-F2F4-4378-BDDB-5C39C92188F4} = {2C1CBC6F-78C3-4AC8-90D7-68FB69CA1AF7}
	EndGlobalSection
	GlobalSection(ExtensibilityGlobals) = postSolution
		SolutionGuid = {CEB7284E-9ABB-4437-A9D8-6B1611F448A0}
	EndGlobalSection
EndGlobal
